
Microsoft Visual Studio Solution File, Format Version 12.00
# Visual Studio Version 17
VisualStudioVersion = 17.0.31919.166
MinimumVisualStudioVersion = 10.0.40219.1
Project("{9A19103F-16F7-4668-BE54-9A1E7A4F7556}") = "ITS.PMT.Api", "ITS.PMT.Api\ITS.PMT.Api.csproj", "{ED84ACCB-F387-4785-921C-2330879514F4}"
EndProject
Project("{9A19103F-16F7-4668-BE54-9A1E7A4F7556}") = "ITS.PMT.Domain", "ITS.PMT.Domain\ITS.PMT.Domain.csproj", "{CF3B360E-B7E5-4ABE-925B-2A2442CB19A8}"
EndProject
Project("{9A19103F-16F7-4668-BE54-9A1E7A4F7556}") = "ITS.PMT.Infrastructure", "ITS.PMT.Infrastructure\ITS.PMT.Infrastructure.csproj", "{8D06F30E-E2B9-4252-9CF9-2A7A578DD43E}"
EndProject
Global
	GlobalSection(SolutionConfigurationPlatforms) = preSolution
		Debug|Any CPU = Debug|Any CPU
		Release|Any CPU = Release|Any CPU
	EndGlobalSection
	GlobalSection(ProjectConfigurationPlatforms) = postSolution
		{ED84ACCB-F387-4785-921C-2330879514F4}.Debug|Any CPU.ActiveCfg = Debug|Any CPU
		{ED84ACCB-F387-4785-921C-2330879514F4}.Debug|Any CPU.Build.0 = Debug|Any CPU
		{ED84ACCB-F387-4785-921C-2330879514F4}.Release|Any CPU.ActiveCfg = Release|Any CPU
		{ED84ACCB-F387-4785-921C-2330879514F4}.Release|Any CPU.Build.0 = Release|Any CPU
		{CF3B360E-B7E5-4ABE-925B-2A2442CB19A8}.Debug|Any CPU.ActiveCfg = Debug|Any CPU
		{CF3B360E-B7E5-4ABE-925B-2A2442CB19A8}.Debug|Any CPU.Build.0 = Debug|Any CPU
		{CF3B360E-B7E5-4ABE-925B-2A2442CB19A8}.Release|Any CPU.ActiveCfg = Release|Any CPU
		{CF3B360E-B7E5-4ABE-925B-2A2442CB19A8}.Release|Any CPU.Build.0 = Release|Any CPU
		{8D06F30E-E2B9-4252-9CF9-2A7A578DD43E}.Debug|Any CPU.ActiveCfg = Debug|Any CPU
		{8D06F30E-E2B9-4252-9CF9-2A7A578DD43E}.Debug|Any CPU.Build.0 = Debug|Any CPU
		{8D06F30E-E2B9-4252-9CF9-2A7A578DD43E}.Release|Any CPU.ActiveCfg = Release|Any CPU
		{8D06F30E-E2B9-4252-9CF9-2A7A578DD43E}.Release|Any CPU.Build.0 = Release|Any CPU
	EndGlobalSection
	GlobalSection(SolutionProperties) = preSolution
		HideSolutionNode = FALSE
	EndGlobalSection
	GlobalSection(ExtensibilityGlobals) = postSolution
		SolutionGuid = {A712775C-CA6F-47B8-A5F2-85AFF6232358}
	EndGlobalSection
EndGlobal
